
Microsoft Visual Studio Solution File, Format Version 12.00
# Visual Studio Version 16
VisualStudioVersion = 16.0.29215.179
MinimumVisualStudioVersion = 10.0.40219.1
Project("{FAE04EC0-301F-11D3-BF4B-00C04F79EFBC}") = "WindowsFormsApp5", "WindowsFormsApp5\WindowsFormsApp5.csproj", "{57838284-45A1-439A-B09E-942F48F15DB1}"
EndProject
Global
	GlobalSection(SolutionConfigurationPlatforms) = preSolution
		Debug|Any CPU = Debug|Any CPU
		Release|Any CPU = Release|Any CPU
	EndGlobalSection
	GlobalSection(ProjectConfigurationPlatforms) = postSolution
		{57838284-45A1-439A-B09E-942F48F15DB1}.Debug|Any CPU.ActiveCfg = Debug|Any CPU
		{57838284-45A1-439A-B09E-942F48F15DB1}.Debug|Any CPU.Build.0 = Debug|Any CPU
		{57838284-45A1-439A-B09E-942F48F15DB1}.Release|Any CPU.ActiveCfg = Release|Any CPU
		{57838284-45A1-439A-B09E-942F48F15DB1}.Release|Any CPU.Build.0 = Release|Any CPU
	EndGlobalSection
	GlobalSection(SolutionProperties) = preSolution
		HideSolutionNode = FALSE
	EndGlobalSection
	GlobalSection(ExtensibilityGlobals) = postSolution
		SolutionGuid = {6991EFEC-43C1-4FDF-82E8-401FA12B9040}
	EndGlobalSection
EndGlobal
